
Microsoft Visual Studio Solution File, Format Version 12.00
# Visual Studio Version 17
VisualStudioVersion = 17.10.35013.160
MinimumVisualStudioVersion = 10.0.40219.1
Project("{FAE04EC0-301F-11D3-BF4B-00C04F79EFBC}") = "Maze.Core", "Maze.Core\Maze.Core.csproj", "{5E58888C-4A32-42D3-BC76-9D0B1AE354D0}"
EndProject
Project("{FAE04EC0-301F-11D3-BF4B-00C04F79EFBC}") = "Maze.Cmd", "Maze.Cmd\Maze.Cmd.csproj", "{582FE6DC-0F8D-42C2-ADA8-0EB826041B88}"
EndProject
Global
	GlobalSection(SolutionConfigurationPlatforms) = preSolution
		Debug|Any CPU = Debug|Any CPU
		Release|Any CPU = Release|Any CPU
	EndGlobalSection
	GlobalSection(ProjectConfigurationPlatforms) = postSolution
		{5E58888C-4A32-42D3-BC76-9D0B1AE354D0}.Debug|Any CPU.ActiveCfg = Debug|Any CPU
		{5E58888C-4A32-42D3-BC76-9D0B1AE354D0}.Debug|Any CPU.Build.0 = Debug|Any CPU
		{5E58888C-4A32-42D3-BC76-9D0B1AE354D0}.Release|Any CPU.ActiveCfg = Release|Any CPU
		{5E58888C-4A32-42D3-BC76-9D0B1AE354D0}.Release|Any CPU.Build.0 = Release|Any CPU
		{582FE6DC-0F8D-42C2-ADA8-0EB826041B88}.Debug|Any CPU.ActiveCfg = Debug|Any CPU
		{582FE6DC-0F8D-42C2-ADA8-0EB826041B88}.Debug|Any CPU.Build.0 = Debug|Any CPU
		{582FE6DC-0F8D-42C2-ADA8-0EB826041B88}.Release|Any CPU.ActiveCfg = Release|Any CPU
		{582FE6DC-0F8D-42C2-ADA8-0EB826041B88}.Release|Any CPU.Build.0 = Release|Any CPU
	EndGlobalSection
	GlobalSection(SolutionProperties) = preSolution
		HideSolutionNode = FALSE
	EndGlobalSection
	GlobalSection(ExtensibilityGlobals) = postSolution
		SolutionGuid = {FF974767-AA31-4E29-8736-1920BFEE2F31}
	EndGlobalSection
EndGlobal
